// !$*UTF8*$!
{
	archiveVersion = 1;
	classes = {
	};
	objectVersion = 46;
	objects = {

/* Begin PBXBuildFile section */
		02F0BED01DF1504200E1372F /* AppDelegate.m in Sources */ = {isa = PBXBuildFile; fileRef = 02F0BECF1DF1504200E1372F /* AppDelegate.m */; };
		02F0BED31DF1504200E1372F /* main.m in Sources */ = {isa = PBXBuildFile; fileRef = 02F0BED21DF1504200E1372F /* main.m */; };
		02F0BED51DF1504200E1372F /* Assets.xcassets in Resources */ = {isa = PBXBuildFile; fileRef = 02F0BED41DF1504200E1372F /* Assets.xcassets */; };
		02F0BED81DF1504200E1372F /* MainMenu.xib in Resources */ = {isa = PBXBuildFile; fileRef = 02F0BED61DF1504200E1372F /* MainMenu.xib */; };
		02F0BEE51DF1752900E1372F /* Puzzle.m in Sources */ = {isa = PBXBuildFile; fileRef = 02F0BEE41DF1752900E1372F /* Puzzle.m */; };
/* End PBXBuildFile section */

/* Begin PBXFileReference section */
		02F0BECB1DF1504200E1372F /* Puzzle.app */ = {isa = PBXFileReference; explicitFileType = wrapper.application; includeInIndex = 0; path = Puzzle.app; sourceTree = BUILT_PRODUCTS_DIR; };
		02F0BECE1DF1504200E1372F /* AppDelegate.h */ = {isa = PBXFileReference; lastKnownFileType = sourcecode.c.h; path = AppDelegate.h; sourceTree = "<group>"; };
		02F0BECF1DF1504200E1372F /* AppDelegate.m */ = {isa = PBXFileReference; lastKnownFileType = sourcecode.c.objc; path = AppDelegate.m; sourceTree = "<group>"; };
		02F0BED21DF1504200E1372F /* main.m */ = {isa = PBXFileReference; lastKnownFileType = sourcecode.c.objc; path = main.m; sourceTree = "<group>"; };
		02F0BED41DF1504200E1372F /* Assets.xcassets */ = {isa = PBXFileReference; lastKnownFileType = folder.assetcatalog; path = Assets.xcassets; sourceTree = "<group>"; };
		02F0BED71DF1504200E1372F /* Base */ = {isa = PBXFileReference; lastKnownFileType = file.xib; name = Base; path = Base.lproj/MainMenu.xib; sourceTree = "<group>"; };
		02F0BED91DF1504200E1372F /* Info.plist */ = {isa = PBXFileReference; lastKnownFileType = text.plist.xml; path = Info.plist; sourceTree = "<group>"; };
		02F0BEE31DF1752900E1372F /* Puzzle.h */ = {isa = PBXFileReference; fileEncoding = 4; lastKnownFileType = sourcecode.c.h; path = Puzzle.h; sourceTree = "<group>"; };
		02F0BEE41DF1752900E1372F /* Puzzle.m */ = {isa = PBXFileReference; fileEncoding = 4; lastKnownFileType = sourcecode.c.objc; path = Puzzle.m; sourceTree = "<group>"; };
/* End PBXFileReference section */

/* Begin PBXFrameworksBuildPhase section */
		02F0BEC81DF1504200E1372F /* Frameworks */ = {
			isa = PBXFrameworksBuildPhase;
			buildActionMask = 2147483647;
			files = (
			);
			runOnlyForDeploymentPostprocessing = 0;
		};
/* End PBXFrameworksBuildPhase section */

/* Begin PBXGroup section */
		02F0BEC21DF1504200E1372F = {
			isa = PBXGroup;
			children = (
				02F0BECD1DF1504200E1372F /* Puzzle */,
				02F0BECC1DF1504200E1372F /* Products */,
			);
			sourceTree = "<group>";
		};
		02F0BECC1DF1504200E1372F /* Products */ = {
			isa = PBXGroup;
			children = (
				02F0BECB1DF1504200E1372F /* Puzzle.app */,
			);
			name = Products;
			sourceTree = "<group>";
		};
		02F0BECD1DF1504200E1372F /* Puzzle */ = {
			isa = PBXGroup;
			children = (
				02F0BEE31DF1752900E1372F /* Puzzle.h */,
				02F0BEE41DF1752900E1372F /* Puzzle.m */,
				02F0BECE1DF1504200E1372F /* AppDelegate.h */,
				02F0BECF1DF1504200E1372F /* AppDelegate.m */,
				02F0BED41DF1504200E1372F /* Assets.xcassets */,
				02F0BED61DF1504200E1372F /* MainMenu.xib */,
				02F0BED91DF1504200E1372F /* Info.plist */,
				02F0BED11DF1504200E1372F /* Supporting Files */,
			);
			path = Puzzle;
			sourceTree = "<group>";
		};
		02F0BED11DF1504200E1372F /* Supporting Files */ = {
			isa = PBXGroup;
			children = (
				02F0BED21DF1504200E1372F /* main.m */,
			);
			name = "Supporting Files";
			sourceTree = "<group>";
		};
/* End PBXGroup section */

/* Begin PBXNativeTarget section */
		02F0BECA1DF1504200E1372F /* Puzzle */ = {
			isa = PBXNativeTarget;
			buildConfigurationList = 02F0BEDC1DF1504200E1372F /* Build configuration list for PBXNativeTarget "Puzzle" */;
			buildPhases = (
				02F0BEC71DF1504200E1372F /* Sources */,
				02F0BEC81DF1504200E1372F /* Frameworks */,
				02F0BEC91DF1504200E1372F /* Resources */,
			);
			buildRules = (
			);
			dependencies = (
			);
			name = Puzzle;
			productName = Puzzle;
			productReference = 02F0BECB1DF1504200E1372F /* Puzzle.app */;
			productType = "com.apple.product-type.application";
		};
/* End PBXNativeTarget section */

/* Begin PBXProject section */
		02F0BEC31DF1504200E1372F /* Project object */ = {
			isa = PBXProject;
			attributes = {
				LastUpgradeCheck = 0810;
				ORGANIZATIONNAME = Hanguang;
				TargetAttributes = {
					02F0BECA1DF1504200E1372F = {
						CreatedOnToolsVersion = 8.1;
						DevelopmentTeam = 2L4985KKX7;
						ProvisioningStyle = Automatic;
					};
				};
			};
			buildConfigurationList = 02F0BEC61DF1504200E1372F /* Build configuration list for PBXProject "Puzzle" */;
			compatibilityVersion = "Xcode 3.2";
			developmentRegion = English;
			hasScannedForEncodings = 0;
			knownRegions = (
				en,
				Base,
			);
			mainGroup = 02F0BEC21DF1504200E1372F;
			productRefGroup = 02F0BECC1DF1504200E1372F /* Products */;
			projectDirPath = "";
			projectRoot = "";
			targets = (
				02F0BECA1DF1504200E1372F /* Puzzle */,
			);
		};
/* End PBXProject section */

/* Begin PBXResourcesBuildPhase section */
		02F0BEC91DF1504200E1372F /* Resources */ = {
			isa = PBXResourcesBuildPhase;
			buildActionMask = 2147483647;
			files = (
				02F0BED51DF1504200E1372F /* Assets.xcassets in Resources */,
				02F0BED81DF1504200E1372F /* MainMenu.xib in Resources */,
			);
			runOnlyForDeploymentPostprocessing = 0;
		};
/* End PBXResourcesBuildPhase section */

/* Begin PBXSourcesBuildPhase section */
		02F0BEC71DF1504200E1372F /* Sources */ = {
			isa = PBXSourcesBuildPhase;
			buildActionMask = 2147483647;
			files = (
				02F0BEE51DF1752900E1372F /* Puzzle.m in Sources */,
				02F0BED31DF1504200E1372F /* main.m in Sources */,
				02F0BED01DF1504200E1372F /* AppDelegate.m in Sources */,
			);
			runOnlyForDeploymentPostprocessing = 0;
		};
/* End PBXSourcesBuildPhase section */

/* Begin PBXVariantGroup section */
		02F0BED61DF1504200E1372F /* MainMenu.xib */ = {
			isa = PBXVariantGroup;
			children = (
				02F0BED71DF1504200E1372F /* Base */,
			);
			name = MainMenu.xib;
			sourceTree = "<group>";
		};
/* End PBXVariantGroup section */

/* Begin XCBuildConfiguration section */
		02F0BEDA1DF1504200E1372F /* Debug */ = {
			isa = XCBuildConfiguration;
			buildSettings = {
				ALWAYS_SEARCH_USER_PATHS = NO;
				CLANG_ANALYZER_NONNULL = YES;
				CLANG_CXX_LANGUAGE_STANDARD = "gnu++0x";
				CLANG_CXX_LIBRARY = "libc++";
				CLANG_ENABLE_MODULES = YES;
				CLANG_ENABLE_OBJC_ARC = YES;
				CLANG_WARN_BOOL_CONVERSION = YES;
				CLANG_WARN_CONSTANT_CONVERSION = YES;
				CLANG_WARN_DIRECT_OBJC_ISA_USAGE = YES_ERROR;
				CLANG_WARN_DOCUMENTATION_COMMENTS = YES;
				CLANG_WARN_EMPTY_BODY = YES;
				CLANG_WARN_ENUM_CONVERSION = YES;
				CLANG_WARN_INFINITE_RECURSION = YES;
				CLANG_WARN_INT_CONVERSION = YES;
				CLANG_WARN_OBJC_ROOT_CLASS = YES_ERROR;
				CLANG_WARN_SUSPICIOUS_MOVES = YES;
				CLANG_WARN_UNREACHABLE_CODE = YES;
				CLANG_WARN__DUPLICATE_METHOD_MATCH = YES;
				CODE_SIGN_IDENTITY = "-";
				COPY_PHASE_STRIP = NO;
				DEBUG_INFORMATION_FORMAT = dwarf;
				ENABLE_STRICT_OBJC_MSGSEND = YES;
				ENABLE_TESTABILITY = YES;
				GCC_C_LANGUAGE_STANDARD = gnu99;
				GCC_DYNAMIC_NO_PIC = NO;
				GCC_NO_COMMON_BLOCKS = YES;
				GCC_OPTIMIZATION_LEVEL = 0;
				GCC_PREPROCESSOR_DEFINITIONS = (
					"DEBUG=1",
					"$(inherited)",
				);
				GCC_WARN_64_TO_32_BIT_CONVERSION = YES;
				GCC_WARN_ABOUT_RETURN_TYPE = YES_ERROR;
				GCC_WARN_UNDECLARED_SELECTOR = YES;
				GCC_WARN_UNINITIALIZED_AUTOS = YES_AGGRESSIVE;
				GCC_WARN_UNUSED_FUNCTION = YES;
				GCC_WARN_UNUSED_VARIABLE = YES;
				MACOSX_DEPLOYMENT_TARGET = 10.12;
				MTL_ENABLE_DEBUG_INFO = YES;
				ONLY_ACTIVE_ARCH = YES;
				SDKROOT = macosx;
			};
			name = Debug;
		};
		02F0BEDB1DF1504200E1372F /* Release */ = {
			isa = XCBuildConfiguration;
			buildSettings = {
				ALWAYS_SEARCH_USER_PATHS = NO;
				CLANG_ANALYZER_NONNULL = YES;
				CLANG_CXX_LANGUAGE_STANDARD = "gnu++0x";
				CLANG_CXX_LIBRARY = "libc++";
				CLANG_ENABLE_MODULES = YES;
				CLANG_ENABLE_OBJC_ARC = YES;
				CLANG_WARN_BOOL_CONVERSION = YES;
				CLANG_WARN_CONSTANT_CONVERSION = YES;
				CLANG_WARN_DIRECT_OBJC_ISA_USAGE = YES_ERROR;
				CLANG_WARN_DOCUMENTATION_COMMENTS = YES;
				CLANG_WARN_EMPTY_BODY = YES;
				CLANG_WARN_ENUM_CONVERSION = YES;
				CLANG_WARN_INFINITE_RECURSION = YES;
				CLANG_WARN_INT_CONVERSION = YES;
				CLANG_WARN_OBJC_ROOT_CLASS = YES_ERROR;
				CLANG_WARN_SUSPICIOUS_MOVES = YES;
				CLANG_WARN_UNREACHABLE_CODE = YES;
				CLANG_WARN__DUPLICATE_METHOD_MATCH = YES;
				CODE_SIGN_IDENTITY = "-";
				COPY_PHASE_STRIP = NO;
				DEBUG_INFORMATION_FORMAT = "dwarf-with-dsym";
				ENABLE_NS_ASSERTIONS = NO;
				ENABLE_STRICT_OBJC_MSGSEND = YES;
				GCC_C_LANGUAGE_STANDARD = gnu99;
				GCC_NO_COMMON_BLOCKS = YES;
				GCC_WARN_64_TO_32_BIT_CONVERSION = YES;
				GCC_WARN_ABOUT_RETURN_TYPE = YES_ERROR;
				GCC_WARN_UNDECLARED_SELECTOR = YES;
				GCC_WARN_UNINITIALIZED_AUTOS = YES_AGGRESSIVE;
				GCC_WARN_UNUSED_FUNCTION = YES;
				GCC_WARN_UNUSED_VARIABLE = YES;
				MACOSX_DEPLOYMENT_TARGET = 10.12;
				MTL_ENABLE_DEBUG_INFO = NO;
				SDKROOT = macosx;
			};
			name = Release;
		};
		02F0BEDD1DF1504200E1372F /* Debug */ = {
			isa = XCBuildConfiguration;
			buildSettings = {
				ASSETCATALOG_COMPILER_APPICON_NAME = AppIcon;
				COMBINE_HIDPI_IMAGES = YES;
				DEVELOPMENT_TEAM = 2L4985KKX7;
				INFOPLIST_FILE = Puzzle/Info.plist;
				LD_RUNPATH_SEARCH_PATHS = "$(inherited) @executable_path/../Frameworks";
				PRODUCT_BUNDLE_IDENTIFIER = com.hanguang.app.Puzzle;
				PRODUCT_NAME = "$(TARGET_NAME)";
			};
			name = Debug;
		};
		02F0BEDE1DF1504200E1372F /* Release */ = {
			isa = XCBuildConfiguration;
			buildSettings = {
				ASSETCATALOG_COMPILER_APPICON_NAME = AppIcon;
				COMBINE_HIDPI_IMAGES = YES;
				DEVELOPMENT_TEAM = 2L4985KKX7;
				INFOPLIST_FILE = Puzzle/Info.plist;
				LD_RUNPATH_SEARCH_PATHS = "$(inherited) @executable_path/../Frameworks";
				PRODUCT_BUNDLE_IDENTIFIER = com.hanguang.app.Puzzle;
				PRODUCT_NAME = "$(TARGET_NAME)";
			};
			name = Release;
		};
/* End XCBuildConfiguration section */

/* Begin XCConfigurationList section */
		02F0BEC61DF1504200E1372F /* Build configuration list for PBXProject "Puzzle" */ = {
			isa = XCConfigurationList;
			buildConfigurations = (
				02F0BEDA1DF1504200E1372F /* Debug */,
				02F0BEDB1DF1504200E1372F /* Release */,
			);
			defaultConfigurationIsVisible = 0;
			defaultConfigurationName = Release;
		};
		02F0BEDC1DF1504200E1372F /* Build configuration list for PBXNativeTarget "Puzzle" */ = {
			isa = XCConfigurationList;
			buildConfigurations = (
				02F0BEDD1DF1504200E1372F /* Debug */,
				02F0BEDE1DF1504200E1372F /* Release */,
			);
			defaultConfigurationIsVisible = 0;
		};
/* End XCConfigurationList section */
	};
	rootObject = 02F0BEC31DF1504200E1372F /* Project object */;
}
