// !$*UTF8*$!
{
	archiveVersion = 1;
	classes = {
	};
	objectVersion = 46;
	objects = {

/* Begin PBXBuildFile section */
		020D4F491C38E24A00B4BBB8 /* AppDelegate.swift in Sources */ = {isa = PBXBuildFile; fileRef = 020D4F481C38E24A00B4BBB8 /* AppDelegate.swift */; };
		020D4F4B1C38E24A00B4BBB8 /* Assets.xcassets in Resources */ = {isa = PBXBuildFile; fileRef = 020D4F4A1C38E24A00B4BBB8 /* Assets.xcassets */; };
		020D4F4E1C38E24A00B4BBB8 /* MainMenu.xib in Resources */ = {isa = PBXBuildFile; fileRef = 020D4F4C1C38E24A00B4BBB8 /* MainMenu.xib */; };
		020D4F591C38E24A00B4BBB8 /* ViewCOntrolTests.swift in Sources */ = {isa = PBXBuildFile; fileRef = 020D4F581C38E24A00B4BBB8 /* ViewCOntrolTests.swift */; };
		020D4F641C38E24A00B4BBB8 /* ViewCOntrolUITests.swift in Sources */ = {isa = PBXBuildFile; fileRef = 020D4F631C38E24A00B4BBB8 /* ViewCOntrolUITests.swift */; };
		020D4F731C38E29B00B4BBB8 /* MainWindowController.swift in Sources */ = {isa = PBXBuildFile; fileRef = 020D4F711C38E29B00B4BBB8 /* MainWindowController.swift */; };
		020D4F741C38E29B00B4BBB8 /* MainWindowController.xib in Resources */ = {isa = PBXBuildFile; fileRef = 020D4F721C38E29B00B4BBB8 /* MainWindowController.xib */; };
		020D4F771C38E30C00B4BBB8 /* ImageViewController.swift in Sources */ = {isa = PBXBuildFile; fileRef = 020D4F751C38E30C00B4BBB8 /* ImageViewController.swift */; };
		020D4F781C38E30C00B4BBB8 /* ImageViewController.xib in Resources */ = {isa = PBXBuildFile; fileRef = 020D4F761C38E30C00B4BBB8 /* ImageViewController.xib */; };
		020D4F7A1C38F96000B4BBB8 /* NerdTabViewController.swift in Sources */ = {isa = PBXBuildFile; fileRef = 020D4F791C38F96000B4BBB8 /* NerdTabViewController.swift */; };
/* End PBXBuildFile section */

/* Begin PBXContainerItemProxy section */
		020D4F551C38E24A00B4BBB8 /* PBXContainerItemProxy */ = {
			isa = PBXContainerItemProxy;
			containerPortal = 020D4F3D1C38E24A00B4BBB8 /* Project object */;
			proxyType = 1;
			remoteGlobalIDString = 020D4F441C38E24A00B4BBB8;
			remoteInfo = ViewCOntrol;
		};
		020D4F601C38E24A00B4BBB8 /* PBXContainerItemProxy */ = {
			isa = PBXContainerItemProxy;
			containerPortal = 020D4F3D1C38E24A00B4BBB8 /* Project object */;
			proxyType = 1;
			remoteGlobalIDString = 020D4F441C38E24A00B4BBB8;
			remoteInfo = ViewCOntrol;
		};
/* End PBXContainerItemProxy section */

/* Begin PBXFileReference section */
		020D4F451C38E24A00B4BBB8 /* ViewCOntrol.app */ = {isa = PBXFileReference; explicitFileType = wrapper.application; includeInIndex = 0; path = ViewCOntrol.app; sourceTree = BUILT_PRODUCTS_DIR; };
		020D4F481C38E24A00B4BBB8 /* AppDelegate.swift */ = {isa = PBXFileReference; lastKnownFileType = sourcecode.swift; path = AppDelegate.swift; sourceTree = "<group>"; };
		020D4F4A1C38E24A00B4BBB8 /* Assets.xcassets */ = {isa = PBXFileReference; lastKnownFileType = folder.assetcatalog; path = Assets.xcassets; sourceTree = "<group>"; };
		020D4F4D1C38E24A00B4BBB8 /* Base */ = {isa = PBXFileReference; lastKnownFileType = file.xib; name = Base; path = Base.lproj/MainMenu.xib; sourceTree = "<group>"; };
		020D4F4F1C38E24A00B4BBB8 /* Info.plist */ = {isa = PBXFileReference; lastKnownFileType = text.plist.xml; path = Info.plist; sourceTree = "<group>"; };
		020D4F541C38E24A00B4BBB8 /* ViewCOntrolTests.xctest */ = {isa = PBXFileReference; explicitFileType = wrapper.cfbundle; includeInIndex = 0; path = ViewCOntrolTests.xctest; sourceTree = BUILT_PRODUCTS_DIR; };
		020D4F581C38E24A00B4BBB8 /* ViewCOntrolTests.swift */ = {isa = PBXFileReference; lastKnownFileType = sourcecode.swift; path = ViewCOntrolTests.swift; sourceTree = "<group>"; };
		020D4F5A1C38E24A00B4BBB8 /* Info.plist */ = {isa = PBXFileReference; lastKnownFileType = text.plist.xml; path = Info.plist; sourceTree = "<group>"; };
		020D4F5F1C38E24A00B4BBB8 /* ViewCOntrolUITests.xctest */ = {isa = PBXFileReference; explicitFileType = wrapper.cfbundle; includeInIndex = 0; path = ViewCOntrolUITests.xctest; sourceTree = BUILT_PRODUCTS_DIR; };
		020D4F631C38E24A00B4BBB8 /* ViewCOntrolUITests.swift */ = {isa = PBXFileReference; lastKnownFileType = sourcecode.swift; path = ViewCOntrolUITests.swift; sourceTree = "<group>"; };
		020D4F651C38E24A00B4BBB8 /* Info.plist */ = {isa = PBXFileReference; lastKnownFileType = text.plist.xml; path = Info.plist; sourceTree = "<group>"; };
		020D4F711C38E29B00B4BBB8 /* MainWindowController.swift */ = {isa = PBXFileReference; fileEncoding = 4; lastKnownFileType = sourcecode.swift; path = MainWindowController.swift; sourceTree = "<group>"; };
		020D4F721C38E29B00B4BBB8 /* MainWindowController.xib */ = {isa = PBXFileReference; fileEncoding = 4; lastKnownFileType = file.xib; path = MainWindowController.xib; sourceTree = "<group>"; };
		020D4F751C38E30C00B4BBB8 /* ImageViewController.swift */ = {isa = PBXFileReference; fileEncoding = 4; lastKnownFileType = sourcecode.swift; path = ImageViewController.swift; sourceTree = "<group>"; };
		020D4F761C38E30C00B4BBB8 /* ImageViewController.xib */ = {isa = PBXFileReference; fileEncoding = 4; lastKnownFileType = file.xib; path = ImageViewController.xib; sourceTree = "<group>"; };
		020D4F791C38F96000B4BBB8 /* NerdTabViewController.swift */ = {isa = PBXFileReference; fileEncoding = 4; lastKnownFileType = sourcecode.swift; path = NerdTabViewController.swift; sourceTree = "<group>"; };
/* End PBXFileReference section */

/* Begin PBXFrameworksBuildPhase section */
		020D4F421C38E24A00B4BBB8 /* Frameworks */ = {
			isa = PBXFrameworksBuildPhase;
			buildActionMask = 2147483647;
			files = (
			);
			runOnlyForDeploymentPostprocessing = 0;
		};
		020D4F511C38E24A00B4BBB8 /* Frameworks */ = {
			isa = PBXFrameworksBuildPhase;
			buildActionMask = 2147483647;
			files = (
			);
			runOnlyForDeploymentPostprocessing = 0;
		};
		020D4F5C1C38E24A00B4BBB8 /* Frameworks */ = {
			isa = PBXFrameworksBuildPhase;
			buildActionMask = 2147483647;
			files = (
			);
			runOnlyForDeploymentPostprocessing = 0;
		};
/* End PBXFrameworksBuildPhase section */

/* Begin PBXGroup section */
		020D4F3C1C38E24A00B4BBB8 = {
			isa = PBXGroup;
			children = (
				020D4F471C38E24A00B4BBB8 /* ViewCOntrol */,
				020D4F571C38E24A00B4BBB8 /* ViewCOntrolTests */,
				020D4F621C38E24A00B4BBB8 /* ViewCOntrolUITests */,
				020D4F461C38E24A00B4BBB8 /* Products */,
			);
			sourceTree = "<group>";
		};
		020D4F461C38E24A00B4BBB8 /* Products */ = {
			isa = PBXGroup;
			children = (
				020D4F451C38E24A00B4BBB8 /* ViewCOntrol.app */,
				020D4F541C38E24A00B4BBB8 /* ViewCOntrolTests.xctest */,
				020D4F5F1C38E24A00B4BBB8 /* ViewCOntrolUITests.xctest */,
			);
			name = Products;
			sourceTree = "<group>";
		};
		020D4F471C38E24A00B4BBB8 /* ViewCOntrol */ = {
			isa = PBXGroup;
			children = (
				020D4F481C38E24A00B4BBB8 /* AppDelegate.swift */,
				020D4F791C38F96000B4BBB8 /* NerdTabViewController.swift */,
				020D4F711C38E29B00B4BBB8 /* MainWindowController.swift */,
				020D4F721C38E29B00B4BBB8 /* MainWindowController.xib */,
				020D4F751C38E30C00B4BBB8 /* ImageViewController.swift */,
				020D4F761C38E30C00B4BBB8 /* ImageViewController.xib */,
				020D4F4A1C38E24A00B4BBB8 /* Assets.xcassets */,
				020D4F4C1C38E24A00B4BBB8 /* MainMenu.xib */,
				020D4F4F1C38E24A00B4BBB8 /* Info.plist */,
			);
			path = ViewCOntrol;
			sourceTree = "<group>";
		};
		020D4F571C38E24A00B4BBB8 /* ViewCOntrolTests */ = {
			isa = PBXGroup;
			children = (
				020D4F581C38E24A00B4BBB8 /* ViewCOntrolTests.swift */,
				020D4F5A1C38E24A00B4BBB8 /* Info.plist */,
			);
			path = ViewCOntrolTests;
			sourceTree = "<group>";
		};
		020D4F621C38E24A00B4BBB8 /* ViewCOntrolUITests */ = {
			isa = PBXGroup;
			children = (
				020D4F631C38E24A00B4BBB8 /* ViewCOntrolUITests.swift */,
				020D4F651C38E24A00B4BBB8 /* Info.plist */,
			);
			path = ViewCOntrolUITests;
			sourceTree = "<group>";
		};
/* End PBXGroup section */

/* Begin PBXNativeTarget section */
		020D4F441C38E24A00B4BBB8 /* ViewCOntrol */ = {
			isa = PBXNativeTarget;
			buildConfigurationList = 020D4F681C38E24A00B4BBB8 /* Build configuration list for PBXNativeTarget "ViewCOntrol" */;
			buildPhases = (
				020D4F411C38E24A00B4BBB8 /* Sources */,
				020D4F421C38E24A00B4BBB8 /* Frameworks */,
				020D4F431C38E24A00B4BBB8 /* Resources */,
			);
			buildRules = (
			);
			dependencies = (
			);
			name = ViewCOntrol;
			productName = ViewCOntrol;
			productReference = 020D4F451C38E24A00B4BBB8 /* ViewCOntrol.app */;
			productType = "com.apple.product-type.application";
		};
		020D4F531C38E24A00B4BBB8 /* ViewCOntrolTests */ = {
			isa = PBXNativeTarget;
			buildConfigurationList = 020D4F6B1C38E24A00B4BBB8 /* Build configuration list for PBXNativeTarget "ViewCOntrolTests" */;
			buildPhases = (
				020D4F501C38E24A00B4BBB8 /* Sources */,
				020D4F511C38E24A00B4BBB8 /* Frameworks */,
				020D4F521C38E24A00B4BBB8 /* Resources */,
			);
			buildRules = (
			);
			dependencies = (
				020D4F561C38E24A00B4BBB8 /* PBXTargetDependency */,
			);
			name = ViewCOntrolTests;
			productName = ViewCOntrolTests;
			productReference = 020D4F541C38E24A00B4BBB8 /* ViewCOntrolTests.xctest */;
			productType = "com.apple.product-type.bundle.unit-test";
		};
		020D4F5E1C38E24A00B4BBB8 /* ViewCOntrolUITests */ = {
			isa = PBXNativeTarget;
			buildConfigurationList = 020D4F6E1C38E24A00B4BBB8 /* Build configuration list for PBXNativeTarget "ViewCOntrolUITests" */;
			buildPhases = (
				020D4F5B1C38E24A00B4BBB8 /* Sources */,
				020D4F5C1C38E24A00B4BBB8 /* Frameworks */,
				020D4F5D1C38E24A00B4BBB8 /* Resources */,
			);
			buildRules = (
			);
			dependencies = (
				020D4F611C38E24A00B4BBB8 /* PBXTargetDependency */,
			);
			name = ViewCOntrolUITests;
			productName = ViewCOntrolUITests;
			productReference = 020D4F5F1C38E24A00B4BBB8 /* ViewCOntrolUITests.xctest */;
			productType = "com.apple.product-type.bundle.ui-testing";
		};
/* End PBXNativeTarget section */

/* Begin PBXProject section */
		020D4F3D1C38E24A00B4BBB8 /* Project object */ = {
			isa = PBXProject;
			attributes = {
				LastSwiftUpdateCheck = 0720;
				LastUpgradeCheck = 0720;
				ORGANIZATIONNAME = Hanguang;
				TargetAttributes = {
					020D4F441C38E24A00B4BBB8 = {
						CreatedOnToolsVersion = 7.2;
					};
					020D4F531C38E24A00B4BBB8 = {
						CreatedOnToolsVersion = 7.2;
						TestTargetID = 020D4F441C38E24A00B4BBB8;
					};
					020D4F5E1C38E24A00B4BBB8 = {
						CreatedOnToolsVersion = 7.2;
						TestTargetID = 020D4F441C38E24A00B4BBB8;
					};
				};
			};
			buildConfigurationList = 020D4F401C38E24A00B4BBB8 /* Build configuration list for PBXProject "ViewCOntrol" */;
			compatibilityVersion = "Xcode 3.2";
			developmentRegion = English;
			hasScannedForEncodings = 0;
			knownRegions = (
				en,
				Base,
			);
			mainGroup = 020D4F3C1C38E24A00B4BBB8;
			productRefGroup = 020D4F461C38E24A00B4BBB8 /* Products */;
			projectDirPath = "";
			projectRoot = "";
			targets = (
				020D4F441C38E24A00B4BBB8 /* ViewCOntrol */,
				020D4F531C38E24A00B4BBB8 /* ViewCOntrolTests */,
				020D4F5E1C38E24A00B4BBB8 /* ViewCOntrolUITests */,
			);
		};
/* End PBXProject section */

/* Begin PBXResourcesBuildPhase section */
		020D4F431C38E24A00B4BBB8 /* Resources */ = {
			isa = PBXResourcesBuildPhase;
			buildActionMask = 2147483647;
			files = (
				020D4F4B1C38E24A00B4BBB8 /* Assets.xcassets in Resources */,
				020D4F741C38E29B00B4BBB8 /* MainWindowController.xib in Resources */,
				020D4F781C38E30C00B4BBB8 /* ImageViewController.xib in Resources */,
				020D4F4E1C38E24A00B4BBB8 /* MainMenu.xib in Resources */,
			);
			runOnlyForDeploymentPostprocessing = 0;
		};
		020D4F521C38E24A00B4BBB8 /* Resources */ = {
			isa = PBXResourcesBuildPhase;
			buildActionMask = 2147483647;
			files = (
			);
			runOnlyForDeploymentPostprocessing = 0;
		};
		020D4F5D1C38E24A00B4BBB8 /* Resources */ = {
			isa = PBXResourcesBuildPhase;
			buildActionMask = 2147483647;
			files = (
			);
			runOnlyForDeploymentPostprocessing = 0;
		};
/* End PBXResourcesBuildPhase section */

/* Begin PBXSourcesBuildPhase section */
		020D4F411C38E24A00B4BBB8 /* Sources */ = {
			isa = PBXSourcesBuildPhase;
			buildActionMask = 2147483647;
			files = (
				020D4F731C38E29B00B4BBB8 /* MainWindowController.swift in Sources */,
				020D4F7A1C38F96000B4BBB8 /* NerdTabViewController.swift in Sources */,
				020D4F771C38E30C00B4BBB8 /* ImageViewController.swift in Sources */,
				020D4F491C38E24A00B4BBB8 /* AppDelegate.swift in Sources */,
			);
			runOnlyForDeploymentPostprocessing = 0;
		};
		020D4F501C38E24A00B4BBB8 /* Sources */ = {
			isa = PBXSourcesBuildPhase;
			buildActionMask = 2147483647;
			files = (
				020D4F591C38E24A00B4BBB8 /* ViewCOntrolTests.swift in Sources */,
			);
			runOnlyForDeploymentPostprocessing = 0;
		};
		020D4F5B1C38E24A00B4BBB8 /* Sources */ = {
			isa = PBXSourcesBuildPhase;
			buildActionMask = 2147483647;
			files = (
				020D4F641C38E24A00B4BBB8 /* ViewCOntrolUITests.swift in Sources */,
			);
			runOnlyForDeploymentPostprocessing = 0;
		};
/* End PBXSourcesBuildPhase section */

/* Begin PBXTargetDependency section */
		020D4F561C38E24A00B4BBB8 /* PBXTargetDependency */ = {
			isa = PBXTargetDependency;
			target = 020D4F441C38E24A00B4BBB8 /* ViewCOntrol */;
			targetProxy = 020D4F551C38E24A00B4BBB8 /* PBXContainerItemProxy */;
		};
		020D4F611C38E24A00B4BBB8 /* PBXTargetDependency */ = {
			isa = PBXTargetDependency;
			target = 020D4F441C38E24A00B4BBB8 /* ViewCOntrol */;
			targetProxy = 020D4F601C38E24A00B4BBB8 /* PBXContainerItemProxy */;
		};
/* End PBXTargetDependency section */

/* Begin PBXVariantGroup section */
		020D4F4C1C38E24A00B4BBB8 /* MainMenu.xib */ = {
			isa = PBXVariantGroup;
			children = (
				020D4F4D1C38E24A00B4BBB8 /* Base */,
			);
			name = MainMenu.xib;
			sourceTree = "<group>";
		};
/* End PBXVariantGroup section */

/* Begin XCBuildConfiguration section */
		020D4F661C38E24A00B4BBB8 /* Debug */ = {
			isa = XCBuildConfiguration;
			buildSettings = {
				ALWAYS_SEARCH_USER_PATHS = NO;
				CLANG_CXX_LANGUAGE_STANDARD = "gnu++0x";
				CLANG_CXX_LIBRARY = "libc++";
				CLANG_ENABLE_MODULES = YES;
				CLANG_ENABLE_OBJC_ARC = YES;
				CLANG_WARN_BOOL_CONVERSION = YES;
				CLANG_WARN_CONSTANT_CONVERSION = YES;
				CLANG_WARN_DIRECT_OBJC_ISA_USAGE = YES_ERROR;
				CLANG_WARN_EMPTY_BODY = YES;
				CLANG_WARN_ENUM_CONVERSION = YES;
				CLANG_WARN_INT_CONVERSION = YES;
				CLANG_WARN_OBJC_ROOT_CLASS = YES_ERROR;
				CLANG_WARN_UNREACHABLE_CODE = YES;
				CLANG_WARN__DUPLICATE_METHOD_MATCH = YES;
				CODE_SIGN_IDENTITY = "-";
				COPY_PHASE_STRIP = NO;
				DEBUG_INFORMATION_FORMAT = dwarf;
				ENABLE_STRICT_OBJC_MSGSEND = YES;
				ENABLE_TESTABILITY = YES;
				GCC_C_LANGUAGE_STANDARD = gnu99;
				GCC_DYNAMIC_NO_PIC = NO;
				GCC_NO_COMMON_BLOCKS = YES;
				GCC_OPTIMIZATION_LEVEL = 0;
				GCC_PREPROCESSOR_DEFINITIONS = (
					"DEBUG=1",
					"$(inherited)",
				);
				GCC_WARN_64_TO_32_BIT_CONVERSION = YES;
				GCC_WARN_ABOUT_RETURN_TYPE = YES_ERROR;
				GCC_WARN_UNDECLARED_SELECTOR = YES;
				GCC_WARN_UNINITIALIZED_AUTOS = YES_AGGRESSIVE;
				GCC_WARN_UNUSED_FUNCTION = YES;
				GCC_WARN_UNUSED_VARIABLE = YES;
				MACOSX_DEPLOYMENT_TARGET = 10.11;
				MTL_ENABLE_DEBUG_INFO = YES;
				ONLY_ACTIVE_ARCH = YES;
				SDKROOT = macosx;
				SWIFT_OPTIMIZATION_LEVEL = "-Onone";
			};
			name = Debug;
		};
		020D4F671C38E24A00B4BBB8 /* Release */ = {
			isa = XCBuildConfiguration;
			buildSettings = {
				ALWAYS_SEARCH_USER_PATHS = NO;
				CLANG_CXX_LANGUAGE_STANDARD = "gnu++0x";
				CLANG_CXX_LIBRARY = "libc++";
				CLANG_ENABLE_MODULES = YES;
				CLANG_ENABLE_OBJC_ARC = YES;
				CLANG_WARN_BOOL_CONVERSION = YES;
				CLANG_WARN_CONSTANT_CONVERSION = YES;
				CLANG_WARN_DIRECT_OBJC_ISA_USAGE = YES_ERROR;
				CLANG_WARN_EMPTY_BODY = YES;
				CLANG_WARN_ENUM_CONVERSION = YES;
				CLANG_WARN_INT_CONVERSION = YES;
				CLANG_WARN_OBJC_ROOT_CLASS = YES_ERROR;
				CLANG_WARN_UNREACHABLE_CODE = YES;
				CLANG_WARN__DUPLICATE_METHOD_MATCH = YES;
				CODE_SIGN_IDENTITY = "-";
				COPY_PHASE_STRIP = NO;
				DEBUG_INFORMATION_FORMAT = "dwarf-with-dsym";
				ENABLE_NS_ASSERTIONS = NO;
				ENABLE_STRICT_OBJC_MSGSEND = YES;
				GCC_C_LANGUAGE_STANDARD = gnu99;
				GCC_NO_COMMON_BLOCKS = YES;
				GCC_WARN_64_TO_32_BIT_CONVERSION = YES;
				GCC_WARN_ABOUT_RETURN_TYPE = YES_ERROR;
				GCC_WARN_UNDECLARED_SELECTOR = YES;
				GCC_WARN_UNINITIALIZED_AUTOS = YES_AGGRESSIVE;
				GCC_WARN_UNUSED_FUNCTION = YES;
				GCC_WARN_UNUSED_VARIABLE = YES;
				MACOSX_DEPLOYMENT_TARGET = 10.11;
				MTL_ENABLE_DEBUG_INFO = NO;
				SDKROOT = macosx;
			};
			name = Release;
		};
		020D4F691C38E24A00B4BBB8 /* Debug */ = {
			isa = XCBuildConfiguration;
			buildSettings = {
				ASSETCATALOG_COMPILER_APPICON_NAME = AppIcon;
				COMBINE_HIDPI_IMAGES = YES;
				INFOPLIST_FILE = ViewCOntrol/Info.plist;
				LD_RUNPATH_SEARCH_PATHS = "$(inherited) @executable_path/../Frameworks";
				PRODUCT_BUNDLE_IDENTIFIER = com.hanguang.app.ViewCOntrol;
				PRODUCT_NAME = "$(TARGET_NAME)";
			};
			name = Debug;
		};
		020D4F6A1C38E24A00B4BBB8 /* Release */ = {
			isa = XCBuildConfiguration;
			buildSettings = {
				ASSETCATALOG_COMPILER_APPICON_NAME = AppIcon;
				COMBINE_HIDPI_IMAGES = YES;
				INFOPLIST_FILE = ViewCOntrol/Info.plist;
				LD_RUNPATH_SEARCH_PATHS = "$(inherited) @executable_path/../Frameworks";
				PRODUCT_BUNDLE_IDENTIFIER = com.hanguang.app.ViewCOntrol;
				PRODUCT_NAME = "$(TARGET_NAME)";
			};
			name = Release;
		};
		020D4F6C1C38E24A00B4BBB8 /* Debug */ = {
			isa = XCBuildConfiguration;
			buildSettings = {
				BUNDLE_LOADER = "$(TEST_HOST)";
				COMBINE_HIDPI_IMAGES = YES;
				INFOPLIST_FILE = ViewCOntrolTests/Info.plist;
				LD_RUNPATH_SEARCH_PATHS = "$(inherited) @executable_path/../Frameworks @loader_path/../Frameworks";
				PRODUCT_BUNDLE_IDENTIFIER = com.hanguang.app.ViewCOntrolTests;
				PRODUCT_NAME = "$(TARGET_NAME)";
				TEST_HOST = "$(BUILT_PRODUCTS_DIR)/ViewCOntrol.app/Contents/MacOS/ViewCOntrol";
			};
			name = Debug;
		};
		020D4F6D1C38E24A00B4BBB8 /* Release */ = {
			isa = XCBuildConfiguration;
			buildSettings = {
				BUNDLE_LOADER = "$(TEST_HOST)";
				COMBINE_HIDPI_IMAGES = YES;
				INFOPLIST_FILE = ViewCOntrolTests/Info.plist;
				LD_RUNPATH_SEARCH_PATHS = "$(inherited) @executable_path/../Frameworks @loader_path/../Frameworks";
				PRODUCT_BUNDLE_IDENTIFIER = com.hanguang.app.ViewCOntrolTests;
				PRODUCT_NAME = "$(TARGET_NAME)";
				TEST_HOST = "$(BUILT_PRODUCTS_DIR)/ViewCOntrol.app/Contents/MacOS/ViewCOntrol";
			};
			name = Release;
		};
		020D4F6F1C38E24A00B4BBB8 /* Debug */ = {
			isa = XCBuildConfiguration;
			buildSettings = {
				COMBINE_HIDPI_IMAGES = YES;
				INFOPLIST_FILE = ViewCOntrolUITests/Info.plist;
				LD_RUNPATH_SEARCH_PATHS = "$(inherited) @executable_path/../Frameworks @loader_path/../Frameworks";
				PRODUCT_BUNDLE_IDENTIFIER = com.hanguang.app.ViewCOntrolUITests;
				PRODUCT_NAME = "$(TARGET_NAME)";
				TEST_TARGET_NAME = ViewCOntrol;
				USES_XCTRUNNER = YES;
			};
			name = Debug;
		};
		020D4F701C38E24A00B4BBB8 /* Release */ = {
			isa = XCBuildConfiguration;
			buildSettings = {
				COMBINE_HIDPI_IMAGES = YES;
				INFOPLIST_FILE = ViewCOntrolUITests/Info.plist;
				LD_RUNPATH_SEARCH_PATHS = "$(inherited) @executable_path/../Frameworks @loader_path/../Frameworks";
				PRODUCT_BUNDLE_IDENTIFIER = com.hanguang.app.ViewCOntrolUITests;
				PRODUCT_NAME = "$(TARGET_NAME)";
				TEST_TARGET_NAME = ViewCOntrol;
				USES_XCTRUNNER = YES;
			};
			name = Release;
		};
/* End XCBuildConfiguration section */

/* Begin XCConfigurationList section */
		020D4F401C38E24A00B4BBB8 /* Build configuration list for PBXProject "ViewCOntrol" */ = {
			isa = XCConfigurationList;
			buildConfigurations = (
				020D4F661C38E24A00B4BBB8 /* Debug */,
				020D4F671C38E24A00B4BBB8 /* Release */,
			);
			defaultConfigurationIsVisible = 0;
			defaultConfigurationName = Release;
		};
		020D4F681C38E24A00B4BBB8 /* Build configuration list for PBXNativeTarget "ViewCOntrol" */ = {
			isa = XCConfigurationList;
			buildConfigurations = (
				020D4F691C38E24A00B4BBB8 /* Debug */,
				020D4F6A1C38E24A00B4BBB8 /* Release */,
			);
			defaultConfigurationIsVisible = 0;
			defaultConfigurationName = Release;
		};
		020D4F6B1C38E24A00B4BBB8 /* Build configuration list for PBXNativeTarget "ViewCOntrolTests" */ = {
			isa = XCConfigurationList;
			buildConfigurations = (
				020D4F6C1C38E24A00B4BBB8 /* Debug */,
				020D4F6D1C38E24A00B4BBB8 /* Release */,
			);
			defaultConfigurationIsVisible = 0;
			defaultConfigurationName = Release;
		};
		020D4F6E1C38E24A00B4BBB8 /* Build configuration list for PBXNativeTarget "ViewCOntrolUITests" */ = {
			isa = XCConfigurationList;
			buildConfigurations = (
				020D4F6F1C38E24A00B4BBB8 /* Debug */,
				020D4F701C38E24A00B4BBB8 /* Release */,
			);
			defaultConfigurationIsVisible = 0;
			defaultConfigurationName = Release;
		};
/* End XCConfigurationList section */
	};
	rootObject = 020D4F3D1C38E24A00B4BBB8 /* Project object */;
}
