// !$*UTF8*$!
{
	archiveVersion = 1;
	classes = {
	};
	objectVersion = 46;
	objects = {

/* Begin PBXBuildFile section */
		02AECAD51AAEBBD6001ABB73 /* main.m in Sources */ = {isa = PBXBuildFile; fileRef = 02AECAD41AAEBBD6001ABB73 /* main.m */; };
		02AECAD81AAEBBD6001ABB73 /* AppDelegate.m in Sources */ = {isa = PBXBuildFile; fileRef = 02AECAD71AAEBBD6001ABB73 /* AppDelegate.m */; };
		02AECADB1AAEBBD6001ABB73 /* ViewController.m in Sources */ = {isa = PBXBuildFile; fileRef = 02AECADA1AAEBBD6001ABB73 /* ViewController.m */; };
		02AECADE1AAEBBD6001ABB73 /* Main.storyboard in Resources */ = {isa = PBXBuildFile; fileRef = 02AECADC1AAEBBD6001ABB73 /* Main.storyboard */; };
		02AECAE01AAEBBD6001ABB73 /* Images.xcassets in Resources */ = {isa = PBXBuildFile; fileRef = 02AECADF1AAEBBD6001ABB73 /* Images.xcassets */; };
		02AECAE31AAEBBD6001ABB73 /* LaunchScreen.xib in Resources */ = {isa = PBXBuildFile; fileRef = 02AECAE11AAEBBD6001ABB73 /* LaunchScreen.xib */; };
		02AECAEF1AAEBBD7001ABB73 /* SectionIndexesHeadersTests.m in Sources */ = {isa = PBXBuildFile; fileRef = 02AECAEE1AAEBBD7001ABB73 /* SectionIndexesHeadersTests.m */; };
/* End PBXBuildFile section */

/* Begin PBXContainerItemProxy section */
		02AECAE91AAEBBD6001ABB73 /* PBXContainerItemProxy */ = {
			isa = PBXContainerItemProxy;
			containerPortal = 02AECAC71AAEBBD6001ABB73 /* Project object */;
			proxyType = 1;
			remoteGlobalIDString = 02AECACE1AAEBBD6001ABB73;
			remoteInfo = SectionIndexesHeaders;
		};
/* End PBXContainerItemProxy section */

/* Begin PBXFileReference section */
		02AECACF1AAEBBD6001ABB73 /* SectionIndexesHeaders.app */ = {isa = PBXFileReference; explicitFileType = wrapper.application; includeInIndex = 0; path = SectionIndexesHeaders.app; sourceTree = BUILT_PRODUCTS_DIR; };
		02AECAD31AAEBBD6001ABB73 /* Info.plist */ = {isa = PBXFileReference; lastKnownFileType = text.plist.xml; path = Info.plist; sourceTree = "<group>"; };
		02AECAD41AAEBBD6001ABB73 /* main.m */ = {isa = PBXFileReference; lastKnownFileType = sourcecode.c.objc; path = main.m; sourceTree = "<group>"; };
		02AECAD61AAEBBD6001ABB73 /* AppDelegate.h */ = {isa = PBXFileReference; lastKnownFileType = sourcecode.c.h; path = AppDelegate.h; sourceTree = "<group>"; };
		02AECAD71AAEBBD6001ABB73 /* AppDelegate.m */ = {isa = PBXFileReference; lastKnownFileType = sourcecode.c.objc; path = AppDelegate.m; sourceTree = "<group>"; };
		02AECAD91AAEBBD6001ABB73 /* ViewController.h */ = {isa = PBXFileReference; lastKnownFileType = sourcecode.c.h; path = ViewController.h; sourceTree = "<group>"; };
		02AECADA1AAEBBD6001ABB73 /* ViewController.m */ = {isa = PBXFileReference; lastKnownFileType = sourcecode.c.objc; path = ViewController.m; sourceTree = "<group>"; };
		02AECADD1AAEBBD6001ABB73 /* Base */ = {isa = PBXFileReference; lastKnownFileType = file.storyboard; name = Base; path = Base.lproj/Main.storyboard; sourceTree = "<group>"; };
		02AECADF1AAEBBD6001ABB73 /* Images.xcassets */ = {isa = PBXFileReference; lastKnownFileType = folder.assetcatalog; path = Images.xcassets; sourceTree = "<group>"; };
		02AECAE21AAEBBD6001ABB73 /* Base */ = {isa = PBXFileReference; lastKnownFileType = file.xib; name = Base; path = Base.lproj/LaunchScreen.xib; sourceTree = "<group>"; };
		02AECAE81AAEBBD6001ABB73 /* SectionIndexesHeadersTests.xctest */ = {isa = PBXFileReference; explicitFileType = wrapper.cfbundle; includeInIndex = 0; path = SectionIndexesHeadersTests.xctest; sourceTree = BUILT_PRODUCTS_DIR; };
		02AECAED1AAEBBD7001ABB73 /* Info.plist */ = {isa = PBXFileReference; lastKnownFileType = text.plist.xml; path = Info.plist; sourceTree = "<group>"; };
		02AECAEE1AAEBBD7001ABB73 /* SectionIndexesHeadersTests.m */ = {isa = PBXFileReference; lastKnownFileType = sourcecode.c.objc; path = SectionIndexesHeadersTests.m; sourceTree = "<group>"; };
/* End PBXFileReference section */

/* Begin PBXFrameworksBuildPhase section */
		02AECACC1AAEBBD6001ABB73 /* Frameworks */ = {
			isa = PBXFrameworksBuildPhase;
			buildActionMask = 2147483647;
			files = (
			);
			runOnlyForDeploymentPostprocessing = 0;
		};
		02AECAE51AAEBBD6001ABB73 /* Frameworks */ = {
			isa = PBXFrameworksBuildPhase;
			buildActionMask = 2147483647;
			files = (
			);
			runOnlyForDeploymentPostprocessing = 0;
		};
/* End PBXFrameworksBuildPhase section */

/* Begin PBXGroup section */
		02AECAC61AAEBBD6001ABB73 = {
			isa = PBXGroup;
			children = (
				02AECAD11AAEBBD6001ABB73 /* SectionIndexesHeaders */,
				02AECAEB1AAEBBD7001ABB73 /* SectionIndexesHeadersTests */,
				02AECAD01AAEBBD6001ABB73 /* Products */,
			);
			sourceTree = "<group>";
		};
		02AECAD01AAEBBD6001ABB73 /* Products */ = {
			isa = PBXGroup;
			children = (
				02AECACF1AAEBBD6001ABB73 /* SectionIndexesHeaders.app */,
				02AECAE81AAEBBD6001ABB73 /* SectionIndexesHeadersTests.xctest */,
			);
			name = Products;
			sourceTree = "<group>";
		};
		02AECAD11AAEBBD6001ABB73 /* SectionIndexesHeaders */ = {
			isa = PBXGroup;
			children = (
				02AECAD61AAEBBD6001ABB73 /* AppDelegate.h */,
				02AECAD71AAEBBD6001ABB73 /* AppDelegate.m */,
				02AECAD91AAEBBD6001ABB73 /* ViewController.h */,
				02AECADA1AAEBBD6001ABB73 /* ViewController.m */,
				02AECADC1AAEBBD6001ABB73 /* Main.storyboard */,
				02AECADF1AAEBBD6001ABB73 /* Images.xcassets */,
				02AECAE11AAEBBD6001ABB73 /* LaunchScreen.xib */,
				02AECAD21AAEBBD6001ABB73 /* Supporting Files */,
			);
			path = SectionIndexesHeaders;
			sourceTree = "<group>";
		};
		02AECAD21AAEBBD6001ABB73 /* Supporting Files */ = {
			isa = PBXGroup;
			children = (
				02AECAD31AAEBBD6001ABB73 /* Info.plist */,
				02AECAD41AAEBBD6001ABB73 /* main.m */,
			);
			name = "Supporting Files";
			sourceTree = "<group>";
		};
		02AECAEB1AAEBBD7001ABB73 /* SectionIndexesHeadersTests */ = {
			isa = PBXGroup;
			children = (
				02AECAEE1AAEBBD7001ABB73 /* SectionIndexesHeadersTests.m */,
				02AECAEC1AAEBBD7001ABB73 /* Supporting Files */,
			);
			path = SectionIndexesHeadersTests;
			sourceTree = "<group>";
		};
		02AECAEC1AAEBBD7001ABB73 /* Supporting Files */ = {
			isa = PBXGroup;
			children = (
				02AECAED1AAEBBD7001ABB73 /* Info.plist */,
			);
			name = "Supporting Files";
			sourceTree = "<group>";
		};
/* End PBXGroup section */

/* Begin PBXNativeTarget section */
		02AECACE1AAEBBD6001ABB73 /* SectionIndexesHeaders */ = {
			isa = PBXNativeTarget;
			buildConfigurationList = 02AECAF21AAEBBD7001ABB73 /* Build configuration list for PBXNativeTarget "SectionIndexesHeaders" */;
			buildPhases = (
				02AECACB1AAEBBD6001ABB73 /* Sources */,
				02AECACC1AAEBBD6001ABB73 /* Frameworks */,
				02AECACD1AAEBBD6001ABB73 /* Resources */,
			);
			buildRules = (
			);
			dependencies = (
			);
			name = SectionIndexesHeaders;
			productName = SectionIndexesHeaders;
			productReference = 02AECACF1AAEBBD6001ABB73 /* SectionIndexesHeaders.app */;
			productType = "com.apple.product-type.application";
		};
		02AECAE71AAEBBD6001ABB73 /* SectionIndexesHeadersTests */ = {
			isa = PBXNativeTarget;
			buildConfigurationList = 02AECAF51AAEBBD7001ABB73 /* Build configuration list for PBXNativeTarget "SectionIndexesHeadersTests" */;
			buildPhases = (
				02AECAE41AAEBBD6001ABB73 /* Sources */,
				02AECAE51AAEBBD6001ABB73 /* Frameworks */,
				02AECAE61AAEBBD6001ABB73 /* Resources */,
			);
			buildRules = (
			);
			dependencies = (
				02AECAEA1AAEBBD6001ABB73 /* PBXTargetDependency */,
			);
			name = SectionIndexesHeadersTests;
			productName = SectionIndexesHeadersTests;
			productReference = 02AECAE81AAEBBD6001ABB73 /* SectionIndexesHeadersTests.xctest */;
			productType = "com.apple.product-type.bundle.unit-test";
		};
/* End PBXNativeTarget section */

/* Begin PBXProject section */
		02AECAC71AAEBBD6001ABB73 /* Project object */ = {
			isa = PBXProject;
			attributes = {
				LastUpgradeCheck = 0610;
				ORGANIZATIONNAME = Hanguang;
				TargetAttributes = {
					02AECACE1AAEBBD6001ABB73 = {
						CreatedOnToolsVersion = 6.1.1;
					};
					02AECAE71AAEBBD6001ABB73 = {
						CreatedOnToolsVersion = 6.1.1;
						TestTargetID = 02AECACE1AAEBBD6001ABB73;
					};
				};
			};
			buildConfigurationList = 02AECACA1AAEBBD6001ABB73 /* Build configuration list for PBXProject "SectionIndexesHeaders" */;
			compatibilityVersion = "Xcode 3.2";
			developmentRegion = English;
			hasScannedForEncodings = 0;
			knownRegions = (
				en,
				Base,
			);
			mainGroup = 02AECAC61AAEBBD6001ABB73;
			productRefGroup = 02AECAD01AAEBBD6001ABB73 /* Products */;
			projectDirPath = "";
			projectRoot = "";
			targets = (
				02AECACE1AAEBBD6001ABB73 /* SectionIndexesHeaders */,
				02AECAE71AAEBBD6001ABB73 /* SectionIndexesHeadersTests */,
			);
		};
/* End PBXProject section */

/* Begin PBXResourcesBuildPhase section */
		02AECACD1AAEBBD6001ABB73 /* Resources */ = {
			isa = PBXResourcesBuildPhase;
			buildActionMask = 2147483647;
			files = (
				02AECADE1AAEBBD6001ABB73 /* Main.storyboard in Resources */,
				02AECAE31AAEBBD6001ABB73 /* LaunchScreen.xib in Resources */,
				02AECAE01AAEBBD6001ABB73 /* Images.xcassets in Resources */,
			);
			runOnlyForDeploymentPostprocessing = 0;
		};
		02AECAE61AAEBBD6001ABB73 /* Resources */ = {
			isa = PBXResourcesBuildPhase;
			buildActionMask = 2147483647;
			files = (
			);
			runOnlyForDeploymentPostprocessing = 0;
		};
/* End PBXResourcesBuildPhase section */

/* Begin PBXSourcesBuildPhase section */
		02AECACB1AAEBBD6001ABB73 /* Sources */ = {
			isa = PBXSourcesBuildPhase;
			buildActionMask = 2147483647;
			files = (
				02AECADB1AAEBBD6001ABB73 /* ViewController.m in Sources */,
				02AECAD81AAEBBD6001ABB73 /* AppDelegate.m in Sources */,
				02AECAD51AAEBBD6001ABB73 /* main.m in Sources */,
			);
			runOnlyForDeploymentPostprocessing = 0;
		};
		02AECAE41AAEBBD6001ABB73 /* Sources */ = {
			isa = PBXSourcesBuildPhase;
			buildActionMask = 2147483647;
			files = (
				02AECAEF1AAEBBD7001ABB73 /* SectionIndexesHeadersTests.m in Sources */,
			);
			runOnlyForDeploymentPostprocessing = 0;
		};
/* End PBXSourcesBuildPhase section */

/* Begin PBXTargetDependency section */
		02AECAEA1AAEBBD6001ABB73 /* PBXTargetDependency */ = {
			isa = PBXTargetDependency;
			target = 02AECACE1AAEBBD6001ABB73 /* SectionIndexesHeaders */;
			targetProxy = 02AECAE91AAEBBD6001ABB73 /* PBXContainerItemProxy */;
		};
/* End PBXTargetDependency section */

/* Begin PBXVariantGroup section */
		02AECADC1AAEBBD6001ABB73 /* Main.storyboard */ = {
			isa = PBXVariantGroup;
			children = (
				02AECADD1AAEBBD6001ABB73 /* Base */,
			);
			name = Main.storyboard;
			sourceTree = "<group>";
		};
		02AECAE11AAEBBD6001ABB73 /* LaunchScreen.xib */ = {
			isa = PBXVariantGroup;
			children = (
				02AECAE21AAEBBD6001ABB73 /* Base */,
			);
			name = LaunchScreen.xib;
			sourceTree = "<group>";
		};
/* End PBXVariantGroup section */

/* Begin XCBuildConfiguration section */
		02AECAF01AAEBBD7001ABB73 /* Debug */ = {
			isa = XCBuildConfiguration;
			buildSettings = {
				ALWAYS_SEARCH_USER_PATHS = NO;
				CLANG_CXX_LANGUAGE_STANDARD = "gnu++0x";
				CLANG_CXX_LIBRARY = "libc++";
				CLANG_ENABLE_MODULES = YES;
				CLANG_ENABLE_OBJC_ARC = YES;
				CLANG_WARN_BOOL_CONVERSION = YES;
				CLANG_WARN_CONSTANT_CONVERSION = YES;
				CLANG_WARN_DIRECT_OBJC_ISA_USAGE = YES_ERROR;
				CLANG_WARN_EMPTY_BODY = YES;
				CLANG_WARN_ENUM_CONVERSION = YES;
				CLANG_WARN_INT_CONVERSION = YES;
				CLANG_WARN_OBJC_ROOT_CLASS = YES_ERROR;
				CLANG_WARN_UNREACHABLE_CODE = YES;
				CLANG_WARN__DUPLICATE_METHOD_MATCH = YES;
				"CODE_SIGN_IDENTITY[sdk=iphoneos*]" = "iPhone Developer";
				COPY_PHASE_STRIP = NO;
				ENABLE_STRICT_OBJC_MSGSEND = YES;
				GCC_C_LANGUAGE_STANDARD = gnu99;
				GCC_DYNAMIC_NO_PIC = NO;
				GCC_OPTIMIZATION_LEVEL = 0;
				GCC_PREPROCESSOR_DEFINITIONS = (
					"DEBUG=1",
					"$(inherited)",
				);
				GCC_SYMBOLS_PRIVATE_EXTERN = NO;
				GCC_WARN_64_TO_32_BIT_CONVERSION = YES;
				GCC_WARN_ABOUT_RETURN_TYPE = YES_ERROR;
				GCC_WARN_UNDECLARED_SELECTOR = YES;
				GCC_WARN_UNINITIALIZED_AUTOS = YES_AGGRESSIVE;
				GCC_WARN_UNUSED_FUNCTION = YES;
				GCC_WARN_UNUSED_VARIABLE = YES;
				IPHONEOS_DEPLOYMENT_TARGET = 8.1;
				MTL_ENABLE_DEBUG_INFO = YES;
				ONLY_ACTIVE_ARCH = YES;
				SDKROOT = iphoneos;
			};
			name = Debug;
		};
		02AECAF11AAEBBD7001ABB73 /* Release */ = {
			isa = XCBuildConfiguration;
			buildSettings = {
				ALWAYS_SEARCH_USER_PATHS = NO;
				CLANG_CXX_LANGUAGE_STANDARD = "gnu++0x";
				CLANG_CXX_LIBRARY = "libc++";
				CLANG_ENABLE_MODULES = YES;
				CLANG_ENABLE_OBJC_ARC = YES;
				CLANG_WARN_BOOL_CONVERSION = YES;
				CLANG_WARN_CONSTANT_CONVERSION = YES;
				CLANG_WARN_DIRECT_OBJC_ISA_USAGE = YES_ERROR;
				CLANG_WARN_EMPTY_BODY = YES;
				CLANG_WARN_ENUM_CONVERSION = YES;
				CLANG_WARN_INT_CONVERSION = YES;
				CLANG_WARN_OBJC_ROOT_CLASS = YES_ERROR;
				CLANG_WARN_UNREACHABLE_CODE = YES;
				CLANG_WARN__DUPLICATE_METHOD_MATCH = YES;
				"CODE_SIGN_IDENTITY[sdk=iphoneos*]" = "iPhone Developer";
				COPY_PHASE_STRIP = YES;
				ENABLE_NS_ASSERTIONS = NO;
				ENABLE_STRICT_OBJC_MSGSEND = YES;
				GCC_C_LANGUAGE_STANDARD = gnu99;
				GCC_WARN_64_TO_32_BIT_CONVERSION = YES;
				GCC_WARN_ABOUT_RETURN_TYPE = YES_ERROR;
				GCC_WARN_UNDECLARED_SELECTOR = YES;
				GCC_WARN_UNINITIALIZED_AUTOS = YES_AGGRESSIVE;
				GCC_WARN_UNUSED_FUNCTION = YES;
				GCC_WARN_UNUSED_VARIABLE = YES;
				IPHONEOS_DEPLOYMENT_TARGET = 8.1;
				MTL_ENABLE_DEBUG_INFO = NO;
				SDKROOT = iphoneos;
				VALIDATE_PRODUCT = YES;
			};
			name = Release;
		};
		02AECAF31AAEBBD7001ABB73 /* Debug */ = {
			isa = XCBuildConfiguration;
			buildSettings = {
				ASSETCATALOG_COMPILER_APPICON_NAME = AppIcon;
				INFOPLIST_FILE = SectionIndexesHeaders/Info.plist;
				LD_RUNPATH_SEARCH_PATHS = "$(inherited) @executable_path/Frameworks";
				PRODUCT_NAME = "$(TARGET_NAME)";
			};
			name = Debug;
		};
		02AECAF41AAEBBD7001ABB73 /* Release */ = {
			isa = XCBuildConfiguration;
			buildSettings = {
				ASSETCATALOG_COMPILER_APPICON_NAME = AppIcon;
				INFOPLIST_FILE = SectionIndexesHeaders/Info.plist;
				LD_RUNPATH_SEARCH_PATHS = "$(inherited) @executable_path/Frameworks";
				PRODUCT_NAME = "$(TARGET_NAME)";
			};
			name = Release;
		};
		02AECAF61AAEBBD7001ABB73 /* Debug */ = {
			isa = XCBuildConfiguration;
			buildSettings = {
				BUNDLE_LOADER = "$(TEST_HOST)";
				FRAMEWORK_SEARCH_PATHS = (
					"$(SDKROOT)/Developer/Library/Frameworks",
					"$(inherited)",
				);
				GCC_PREPROCESSOR_DEFINITIONS = (
					"DEBUG=1",
					"$(inherited)",
				);
				INFOPLIST_FILE = SectionIndexesHeadersTests/Info.plist;
				LD_RUNPATH_SEARCH_PATHS = "$(inherited) @executable_path/Frameworks @loader_path/Frameworks";
				PRODUCT_NAME = "$(TARGET_NAME)";
				TEST_HOST = "$(BUILT_PRODUCTS_DIR)/SectionIndexesHeaders.app/SectionIndexesHeaders";
			};
			name = Debug;
		};
		02AECAF71AAEBBD7001ABB73 /* Release */ = {
			isa = XCBuildConfiguration;
			buildSettings = {
				BUNDLE_LOADER = "$(TEST_HOST)";
				FRAMEWORK_SEARCH_PATHS = (
					"$(SDKROOT)/Developer/Library/Frameworks",
					"$(inherited)",
				);
				INFOPLIST_FILE = SectionIndexesHeadersTests/Info.plist;
				LD_RUNPATH_SEARCH_PATHS = "$(inherited) @executable_path/Frameworks @loader_path/Frameworks";
				PRODUCT_NAME = "$(TARGET_NAME)";
				TEST_HOST = "$(BUILT_PRODUCTS_DIR)/SectionIndexesHeaders.app/SectionIndexesHeaders";
			};
			name = Release;
		};
/* End XCBuildConfiguration section */

/* Begin XCConfigurationList section */
		02AECACA1AAEBBD6001ABB73 /* Build configuration list for PBXProject "SectionIndexesHeaders" */ = {
			isa = XCConfigurationList;
			buildConfigurations = (
				02AECAF01AAEBBD7001ABB73 /* Debug */,
				02AECAF11AAEBBD7001ABB73 /* Release */,
			);
			defaultConfigurationIsVisible = 0;
			defaultConfigurationName = Release;
		};
		02AECAF21AAEBBD7001ABB73 /* Build configuration list for PBXNativeTarget "SectionIndexesHeaders" */ = {
			isa = XCConfigurationList;
			buildConfigurations = (
				02AECAF31AAEBBD7001ABB73 /* Debug */,
				02AECAF41AAEBBD7001ABB73 /* Release */,
			);
			defaultConfigurationIsVisible = 0;
		};
		02AECAF51AAEBBD7001ABB73 /* Build configuration list for PBXNativeTarget "SectionIndexesHeadersTests" */ = {
			isa = XCConfigurationList;
			buildConfigurations = (
				02AECAF61AAEBBD7001ABB73 /* Debug */,
				02AECAF71AAEBBD7001ABB73 /* Release */,
			);
			defaultConfigurationIsVisible = 0;
		};
/* End XCConfigurationList section */
	};
	rootObject = 02AECAC71AAEBBD6001ABB73 /* Project object */;
}
